{
  "version": 4,
  "terraform_version": "1.8.2",
  "serial": 115,
  "lineage": "8f84229d-40aa-1f1c-707b-638d945d06a3",
  "outputs": {},
  "resources": [
    {
      "mode": "managed",
      "type": "google_bigquery_dataset",
      "name": "dataset",
      "provider": "provider[\"registry.terraform.io/hashicorp/google\"]",
      "instances": [
        {
          "schema_version": 0,
          "attributes": {
            "access": [
              {
                "condition": [],
                "dataset": [],
                "domain": "",
                "group_by_email": "",
                "iam_member": "",
                "role": "OWNER",
                "routine": [],
                "special_group": "",
                "user_by_email": "sumant.dey@equalexperts.com",
                "view": []
              },
              {
                "condition": [],
                "dataset": [],
                "domain": "",
                "group_by_email": "",
                "iam_member": "",
                "role": "OWNER",
                "routine": [],
                "special_group": "projectOwners",
                "user_by_email": "",
                "view": []
              },
              {
                "condition": [],
                "dataset": [],
                "domain": "",
                "group_by_email": "",
                "iam_member": "",
                "role": "READER",
                "routine": [],
                "special_group": "projectReaders",
                "user_by_email": "",
                "view": []
              },
              {
                "condition": [],
                "dataset": [],
                "domain": "",
                "group_by_email": "",
                "iam_member": "",
                "role": "WRITER",
                "routine": [],
                "special_group": "projectWriters",
                "user_by_email": "",
                "view": []
              }
            ],
            "creation_time": 1740642245229,
            "dataset_id": "movie_data_mar25_sumant",
            "default_collation": "",
            "default_encryption_configuration": [],
            "default_partition_expiration_ms": 0,
            "default_table_expiration_ms": 3600000,
            "delete_contents_on_destroy": false,
            "description": "Data set for movie",
            "effective_labels": {
              "env": "default",
              "goog-terraform-provisioned": "true",
              "time": "mar25"
            },
            "etag": "jhS+7ymMTbzBLkMGS8Hm0w==",
            "external_dataset_reference": [],
            "friendly_name": "movie_dataset_sumant",
            "id": "projects/ee-india-se-data/datasets/movie_data_mar25_sumant",
            "is_case_insensitive": false,
            "labels": {
              "env": "default",
              "time": "mar25"
            },
            "last_modified_time": 1740642245229,
            "location": "us-central1",
            "max_time_travel_hours": "168",
            "project": "ee-india-se-data",
            "resource_tags": null,
            "self_link": "https://bigquery.googleapis.com/bigquery/v2/projects/ee-india-se-data/datasets/movie_data_mar25_sumant",
            "storage_billing_model": "",
            "terraform_labels": {
              "env": "default",
              "goog-terraform-provisioned": "true",
              "time": "mar25"
            },
            "timeouts": null
          },
          "sensitive_attributes": [],
          "private": "eyJlMmJmYjczMC1lY2FhLTExZTYtOGY4OC0zNDM2M2JjN2M0YzAiOnsiY3JlYXRlIjoxMjAwMDAwMDAwMDAwLCJkZWxldGUiOjEyMDAwMDAwMDAwMDAsInVwZGF0ZSI6MTIwMDAwMDAwMDAwMH19"
        }
      ]
    },
    {
      "mode": "managed",
      "type": "google_storage_bucket",
      "name": "cloudfunction-bucket-mar25-sumant",
      "provider": "provider[\"registry.terraform.io/hashicorp/google\"]",
      "instances": [
        {
          "schema_version": 3,
          "attributes": {
            "autoclass": [],
            "cors": [],
            "custom_placement_config": [],
            "default_event_based_hold": false,
            "effective_labels": {
              "env": "default",
              "goog-terraform-provisioned": "true",
              "time": "mar25"
            },
            "enable_object_retention": false,
            "encryption": [],
            "force_destroy": true,
            "hierarchical_namespace": [
              {
                "enabled": false
              }
            ],
            "id": "se-data-cloudfunction-archive-bucket-mar25-sumant",
            "labels": {
              "env": "default",
              "time": "mar25"
            },
            "lifecycle_rule": [],
            "location": "US-CENTRAL1",
            "logging": [],
            "name": "se-data-cloudfunction-archive-bucket-mar25-sumant",
            "project": "ee-india-se-data",
            "project_number": 365603594789,
            "public_access_prevention": "enforced",
            "requester_pays": false,
            "retention_policy": [],
            "rpo": null,
            "self_link": "https://www.googleapis.com/storage/v1/b/se-data-cloudfunction-archive-bucket-mar25-sumant",
            "soft_delete_policy": [
              {
                "effective_time": "2025-02-27T07:44:05.408Z",
                "retention_duration_seconds": 604800
              }
            ],
            "storage_class": "STANDARD",
            "terraform_labels": {
              "env": "default",
              "goog-terraform-provisioned": "true",
              "time": "mar25"
            },
            "timeouts": null,
            "uniform_bucket_level_access": false,
            "url": "gs://se-data-cloudfunction-archive-bucket-mar25-sumant",
            "versioning": [],
            "website": []
          },
          "sensitive_attributes": [],
          "private": "eyJlMmJmYjczMC1lY2FhLTExZTYtOGY4OC0zNDM2M2JjN2M0YzAiOnsiY3JlYXRlIjo2MDAwMDAwMDAwMDAsInJlYWQiOjI0MDAwMDAwMDAwMCwidXBkYXRlIjoyNDAwMDAwMDAwMDB9LCJzY2hlbWFfdmVyc2lvbiI6IjMifQ=="
        }
      ]
    },
    {
      "mode": "managed",
      "type": "google_storage_bucket",
      "name": "storage",
      "provider": "provider[\"registry.terraform.io/hashicorp/google\"]",
      "instances": [
        {
          "schema_version": 3,
          "attributes": {
            "autoclass": [],
            "cors": [],
            "custom_placement_config": [],
            "default_event_based_hold": false,
            "effective_labels": {
              "env": "default",
              "goog-terraform-provisioned": "true",
              "time": "mar25"
            },
            "enable_object_retention": false,
            "encryption": [],
            "force_destroy": true,
            "hierarchical_namespace": [
              {
                "enabled": false
              }
            ],
            "id": "se-data-landing-mar25-sumant",
            "labels": {
              "env": "default",
              "time": "mar25"
            },
            "lifecycle_rule": [],
            "location": "US-CENTRAL1",
            "logging": [],
            "name": "se-data-landing-mar25-sumant",
            "project": "ee-india-se-data",
            "project_number": 365603594789,
            "public_access_prevention": "enforced",
            "requester_pays": false,
            "retention_policy": [],
            "rpo": null,
            "self_link": "https://www.googleapis.com/storage/v1/b/se-data-landing-mar25-sumant",
            "soft_delete_policy": [
              {
                "effective_time": "2025-02-27T07:44:05.377Z",
                "retention_duration_seconds": 604800
              }
            ],
            "storage_class": "STANDARD",
            "terraform_labels": {
              "env": "default",
              "goog-terraform-provisioned": "true",
              "time": "mar25"
            },
            "timeouts": null,
            "uniform_bucket_level_access": true,
            "url": "gs://se-data-landing-mar25-sumant",
            "versioning": [],
            "website": []
          },
          "sensitive_attributes": [],
          "private": "eyJlMmJmYjczMC1lY2FhLTExZTYtOGY4OC0zNDM2M2JjN2M0YzAiOnsiY3JlYXRlIjo2MDAwMDAwMDAwMDAsInJlYWQiOjI0MDAwMDAwMDAwMCwidXBkYXRlIjoyNDAwMDAwMDAwMDB9LCJzY2hlbWFfdmVyc2lvbiI6IjMifQ=="
        }
      ]
    }
  ],
  "check_results": null
}
